
Microsoft Visual Studio Solution File, Format Version 12.00
# Visual Studio Version 16
VisualStudioVersion = 16.0.30114.105
MinimumVisualStudioVersion = 10.0.40219.1
Project("{2150E333-8FDC-42A3-9474-1A3956D46DE8}") = "src", "src", "{D06921EE-0AE6-446B-AF16-FEF2BB120043}"
EndProject
Project("{FAE04EC0-301F-11D3-BF4B-00C04F79EFBC}") = "MiniMapper", "src\MiniMapper\MiniMapper.csproj", "{251C2EF1-8AD5-4B91-A75B-D39AA39FFF74}"
EndProject
Project("{FAE04EC0-301F-11D3-BF4B-00C04F79EFBC}") = "Example", "Samples\Example.csproj", "{55685FE7-07EA-4F58-931B-8413F65FD82C}"
EndProject
Global
	GlobalSection(SolutionConfigurationPlatforms) = preSolution
		Debug|Any CPU = Debug|Any CPU
		Release|Any CPU = Release|Any CPU
	EndGlobalSection
	GlobalSection(SolutionProperties) = preSolution
		HideSolutionNode = FALSE
	EndGlobalSection
	GlobalSection(ProjectConfigurationPlatforms) = postSolution
		{251C2EF1-8AD5-4B91-A75B-D39AA39FFF74}.Debug|Any CPU.ActiveCfg = Debug|Any CPU
		{251C2EF1-8AD5-4B91-A75B-D39AA39FFF74}.Debug|Any CPU.Build.0 = Debug|Any CPU
		{251C2EF1-8AD5-4B91-A75B-D39AA39FFF74}.Release|Any CPU.ActiveCfg = Release|Any CPU
		{251C2EF1-8AD5-4B91-A75B-D39AA39FFF74}.Release|Any CPU.Build.0 = Release|Any CPU
		{55685FE7-07EA-4F58-931B-8413F65FD82C}.Debug|Any CPU.ActiveCfg = Debug|Any CPU
		{55685FE7-07EA-4F58-931B-8413F65FD82C}.Debug|Any CPU.Build.0 = Debug|Any CPU
		{55685FE7-07EA-4F58-931B-8413F65FD82C}.Release|Any CPU.ActiveCfg = Release|Any CPU
		{55685FE7-07EA-4F58-931B-8413F65FD82C}.Release|Any CPU.Build.0 = Release|Any CPU
	EndGlobalSection
	GlobalSection(NestedProjects) = preSolution
		{251C2EF1-8AD5-4B91-A75B-D39AA39FFF74} = {D06921EE-0AE6-446B-AF16-FEF2BB120043}
	EndGlobalSection
EndGlobal
